
Microsoft Visual Studio Solution File, Format Version 12.00
# Visual Studio 14
VisualStudioVersion = 14.0.25420.1
MinimumVisualStudioVersion = 10.0.40219.1
Project("{FAE04EC0-301F-11D3-BF4B-00C04F79EFBC}") = "TestZipCodeCoreFunction", "TestZipCodeCoreFunction\TestZipCodeCoreFunction.csproj", "{DD97D1C3-1D4F-4589-B7EB-6FD369C83068}"
EndProject
Project("{FAE04EC0-301F-11D3-BF4B-00C04F79EFBC}") = "TestZipCodeCoreFunction.Tests", "TestZipCodeCoreFunction.Tests\TestZipCodeCoreFunction.Tests.csproj", "{733CD262-DA8B-4511-936A-EF53B9ECAD80}"
EndProject
Global
	GlobalSection(SolutionConfigurationPlatforms) = preSolution
		Debug|Any CPU = Debug|Any CPU
		Release|Any CPU = Release|Any CPU
	EndGlobalSection
	GlobalSection(ProjectConfigurationPlatforms) = postSolution
		{DD97D1C3-1D4F-4589-B7EB-6FD369C83068}.Debug|Any CPU.ActiveCfg = Debug|Any CPU
		{DD97D1C3-1D4F-4589-B7EB-6FD369C83068}.Debug|Any CPU.Build.0 = Debug|Any CPU
		{DD97D1C3-1D4F-4589-B7EB-6FD369C83068}.Release|Any CPU.ActiveCfg = Release|Any CPU
		{DD97D1C3-1D4F-4589-B7EB-6FD369C83068}.Release|Any CPU.Build.0 = Release|Any CPU
		{733CD262-DA8B-4511-936A-EF53B9ECAD80}.Debug|Any CPU.ActiveCfg = Debug|Any CPU
		{733CD262-DA8B-4511-936A-EF53B9ECAD80}.Debug|Any CPU.Build.0 = Debug|Any CPU
		{733CD262-DA8B-4511-936A-EF53B9ECAD80}.Release|Any CPU.ActiveCfg = Release|Any CPU
		{733CD262-DA8B-4511-936A-EF53B9ECAD80}.Release|Any CPU.Build.0 = Release|Any CPU
	EndGlobalSection
	GlobalSection(SolutionProperties) = preSolution
		HideSolutionNode = FALSE
	EndGlobalSection
EndGlobal
