
Microsoft Visual Studio Solution File, Format Version 12.00
# Visual Studio 14
VisualStudioVersion = 14.0.25420.1
MinimumVisualStudioVersion = 10.0.40219.1
Project("{FAE04EC0-301F-11D3-BF4B-00C04F79EFBC}") = "WebApp", "WebApp\WebApp.csproj", "{40BDA742-5882-438F-889F-6820EA877019}"
EndProject
Project("{2150E333-8FDC-42A3-9474-1A3956D46DE8}") = "nnd.Web", "nnd.Web", "{F3F1C37F-05E3-406D-A804-88F5F66AE6D4}"
EndProject
Project("{FAE04EC0-301F-11D3-BF4B-00C04F79EFBC}") = "nnd.Core", "..\nnd.Core\nnd.Core\nnd.Core.csproj", "{7A9BEB3E-C89A-4886-B590-9E8CC48FD704}"
EndProject
Global
	GlobalSection(SolutionConfigurationPlatforms) = preSolution
		Debug|Any CPU = Debug|Any CPU
		Release|Any CPU = Release|Any CPU
	EndGlobalSection
	GlobalSection(ProjectConfigurationPlatforms) = postSolution
		{40BDA742-5882-438F-889F-6820EA877019}.Debug|Any CPU.ActiveCfg = Debug|Any CPU
		{40BDA742-5882-438F-889F-6820EA877019}.Debug|Any CPU.Build.0 = Debug|Any CPU
		{40BDA742-5882-438F-889F-6820EA877019}.Release|Any CPU.ActiveCfg = Release|Any CPU
		{40BDA742-5882-438F-889F-6820EA877019}.Release|Any CPU.Build.0 = Release|Any CPU
		{7A9BEB3E-C89A-4886-B590-9E8CC48FD704}.Debug|Any CPU.ActiveCfg = Debug|Any CPU
		{7A9BEB3E-C89A-4886-B590-9E8CC48FD704}.Debug|Any CPU.Build.0 = Debug|Any CPU
		{7A9BEB3E-C89A-4886-B590-9E8CC48FD704}.Release|Any CPU.ActiveCfg = Release|Any CPU
		{7A9BEB3E-C89A-4886-B590-9E8CC48FD704}.Release|Any CPU.Build.0 = Release|Any CPU
	EndGlobalSection
	GlobalSection(SolutionProperties) = preSolution
		HideSolutionNode = FALSE
	EndGlobalSection
	GlobalSection(NestedProjects) = preSolution
		{40BDA742-5882-438F-889F-6820EA877019} = {F3F1C37F-05E3-406D-A804-88F5F66AE6D4}
		{7A9BEB3E-C89A-4886-B590-9E8CC48FD704} = {F3F1C37F-05E3-406D-A804-88F5F66AE6D4}
	EndGlobalSection
EndGlobal
